
Microsoft Visual Studio Solution File, Format Version 12.00
# Visual Studio 15
VisualStudioVersion = 15.0.27130.2027
MinimumVisualStudioVersion = 10.0.40219.1
Project("{8BC9CEB8-8B4A-11D0-8D11-00A0C91BC942}") = "machine_learning", "machine_learning\machine_learning.vcxproj", "{6ED2AEDE-B66D-4EDA-81A7-B5CD76049F41}"
EndProject
Project("{888888A0-9F3D-457C-B088-3A5042F75D52}") = "em_env", "em_env\em_env.pyproj", "{1A0E1CD3-F4BD-48B3-B574-5FB9E0EB611D}"
EndProject
Global
	GlobalSection(SolutionConfigurationPlatforms) = preSolution
		Debug|Any CPU = Debug|Any CPU
		Debug|x64 = Debug|x64
		Debug|x86 = Debug|x86
		Release|Any CPU = Release|Any CPU
		Release|x64 = Release|x64
		Release|x86 = Release|x86
	EndGlobalSection
	GlobalSection(ProjectConfigurationPlatforms) = postSolution
		{6ED2AEDE-B66D-4EDA-81A7-B5CD76049F41}.Debug|Any CPU.ActiveCfg = Debug|Win32
		{6ED2AEDE-B66D-4EDA-81A7-B5CD76049F41}.Debug|x64.ActiveCfg = Debug|x64
		{6ED2AEDE-B66D-4EDA-81A7-B5CD76049F41}.Debug|x64.Build.0 = Debug|x64
		{6ED2AEDE-B66D-4EDA-81A7-B5CD76049F41}.Debug|x86.ActiveCfg = Debug|Win32
		{6ED2AEDE-B66D-4EDA-81A7-B5CD76049F41}.Debug|x86.Build.0 = Debug|Win32
		{6ED2AEDE-B66D-4EDA-81A7-B5CD76049F41}.Release|Any CPU.ActiveCfg = Release|Win32
		{6ED2AEDE-B66D-4EDA-81A7-B5CD76049F41}.Release|x64.ActiveCfg = Release|x64
		{6ED2AEDE-B66D-4EDA-81A7-B5CD76049F41}.Release|x64.Build.0 = Release|x64
		{6ED2AEDE-B66D-4EDA-81A7-B5CD76049F41}.Release|x86.ActiveCfg = Release|Win32
		{6ED2AEDE-B66D-4EDA-81A7-B5CD76049F41}.Release|x86.Build.0 = Release|Win32
		{1A0E1CD3-F4BD-48B3-B574-5FB9E0EB611D}.Debug|Any CPU.ActiveCfg = Debug|Any CPU
		{1A0E1CD3-F4BD-48B3-B574-5FB9E0EB611D}.Debug|x64.ActiveCfg = Debug|Any CPU
		{1A0E1CD3-F4BD-48B3-B574-5FB9E0EB611D}.Debug|x86.ActiveCfg = Debug|Any CPU
		{1A0E1CD3-F4BD-48B3-B574-5FB9E0EB611D}.Release|Any CPU.ActiveCfg = Release|Any CPU
		{1A0E1CD3-F4BD-48B3-B574-5FB9E0EB611D}.Release|x64.ActiveCfg = Release|Any CPU
		{1A0E1CD3-F4BD-48B3-B574-5FB9E0EB611D}.Release|x86.ActiveCfg = Release|Any CPU
	EndGlobalSection
	GlobalSection(SolutionProperties) = preSolution
		HideSolutionNode = FALSE
	EndGlobalSection
	GlobalSection(ExtensibilityGlobals) = postSolution
		SolutionGuid = {208121B3-BF74-4983-824F-756FB73A7F47}
	EndGlobalSection
EndGlobal
